
Microsoft Visual Studio Solution File, Format Version 12.00
# Visual Studio Version 16
VisualStudioVersion = 16.0.29230.47
MinimumVisualStudioVersion = 10.0.40219.1
Project("{8BC9CEB8-8B4A-11D0-8D11-00A0C91BC942}") = "pavl_6a", "pavl_6a.vcxproj", "{EBC08BB3-3D5F-4048-A1D4-8F55AF54811B}"
EndProject
Global
	GlobalSection(SolutionConfigurationPlatforms) = preSolution
		Debug|x64 = Debug|x64
		Debug|x86 = Debug|x86
		Release|x64 = Release|x64
		Release|x86 = Release|x86
	EndGlobalSection
	GlobalSection(ProjectConfigurationPlatforms) = postSolution
		{EBC08BB3-3D5F-4048-A1D4-8F55AF54811B}.Debug|x64.ActiveCfg = Debug|x64
		{EBC08BB3-3D5F-4048-A1D4-8F55AF54811B}.Debug|x64.Build.0 = Debug|x64
		{EBC08BB3-3D5F-4048-A1D4-8F55AF54811B}.Debug|x86.ActiveCfg = Debug|Win32
		{EBC08BB3-3D5F-4048-A1D4-8F55AF54811B}.Debug|x86.Build.0 = Debug|Win32
		{EBC08BB3-3D5F-4048-A1D4-8F55AF54811B}.Release|x64.ActiveCfg = Release|x64
		{EBC08BB3-3D5F-4048-A1D4-8F55AF54811B}.Release|x64.Build.0 = Release|x64
		{EBC08BB3-3D5F-4048-A1D4-8F55AF54811B}.Release|x86.ActiveCfg = Release|Win32
		{EBC08BB3-3D5F-4048-A1D4-8F55AF54811B}.Release|x86.Build.0 = Release|Win32
	EndGlobalSection
	GlobalSection(SolutionProperties) = preSolution
		HideSolutionNode = FALSE
	EndGlobalSection
	GlobalSection(ExtensibilityGlobals) = postSolution
		SolutionGuid = {4E9332B1-324C-436F-8E4D-8D16F4017342}
	EndGlobalSection
EndGlobal
